
Microsoft Visual Studio Solution File, Format Version 12.00
# Visual Studio 15
VisualStudioVersion = 15.0.27428.2005
MinimumVisualStudioVersion = 10.0.40219.1
Project("{2150E333-8FDC-42A3-9474-1A3956D46DE8}") = "Cervus", "Cervus", "{0D427306-CDE1-493C-95DE-3AE7FCADAEDE}"
EndProject
Project("{9A19103F-16F7-4668-BE54-9A1E7A4F7556}") = "Cervus.Web", "Cervus.Web\Cervus.Web.csproj", "{6DC7A92E-F798-48E7-B2F0-8686B1245BA8}"
EndProject
Project("{FAE04EC0-301F-11D3-BF4B-00C04F79EFBC}") = "Cervus.Content.Interfaces", "Cervus.Content.Interfaces\Cervus.Content.Interfaces.csproj", "{0EFC04AE-D427-49C5-B192-CBA09CDA7092}"
EndProject
Project("{FAE04EC0-301F-11D3-BF4B-00C04F79EFBC}") = "Cervus.Content.Dummy", "Cervus.Content.Dummy\Cervus.Content.Dummy.csproj", "{ADDEAD9A-7FC5-49FB-9EAC-687FC5E89930}"
EndProject
Project("{2150E333-8FDC-42A3-9474-1A3956D46DE8}") = "External", "External", "{91E1AB3D-F152-4A53-ADD6-89F281AB8FAA}"
EndProject
Project("{FAE04EC0-301F-11D3-BF4B-00C04F79EFBC}") = "InjectableRoutes.AspNetCore", "InjectableRoutes.AspNetCore\InjectableRoutes.AspNetCore.csproj", "{DBD12035-6324-4B1E-B09C-7D7ACA1420E3}"
EndProject
Project("{9A19103F-16F7-4668-BE54-9A1E7A4F7556}") = "Cervus.Context.Wire", "Cervus.Context.Wire\Cervus.Context.Wire.csproj", "{FEFB2656-76EF-4F26-ABD4-499D2A191879}"
EndProject
Project("{FAE04EC0-301F-11D3-BF4B-00C04F79EFBC}") = "Cervus.Context.Interfaces", "Cervus.Context.Interfaces\Cervus.Context.Interfaces.csproj", "{BF34D121-9EF7-477B-AD1C-94B53B37C090}"
EndProject
Project("{FAE04EC0-301F-11D3-BF4B-00C04F79EFBC}") = "IndependentUtils.Assembly", "IndependentUtils.Assembly\IndependentUtils.Assembly.csproj", "{C3C8531F-F590-4061-9B82-D624623C6337}"
EndProject
Project("{FAE04EC0-301F-11D3-BF4B-00C04F79EFBC}") = "Cervus.Content.Wire", "Cervus.Content.Wire\Cervus.Content.Wire.csproj", "{1926C559-1211-4C8A-A98A-B8136F848669}"
EndProject
Project("{FAE04EC0-301F-11D3-BF4B-00C04F79EFBC}") = "Cervus.Context.AspNetCore", "Cervus.Context.AspNetCore\Cervus.Context.AspNetCore.csproj", "{0768DC26-2953-44DD-A9CF-41C60995065E}"
EndProject
Global
	GlobalSection(SolutionConfigurationPlatforms) = preSolution
		Debug|Any CPU = Debug|Any CPU
		Release|Any CPU = Release|Any CPU
	EndGlobalSection
	GlobalSection(ProjectConfigurationPlatforms) = postSolution
		{6DC7A92E-F798-48E7-B2F0-8686B1245BA8}.Debug|Any CPU.ActiveCfg = Debug|Any CPU
		{6DC7A92E-F798-48E7-B2F0-8686B1245BA8}.Debug|Any CPU.Build.0 = Debug|Any CPU
		{6DC7A92E-F798-48E7-B2F0-8686B1245BA8}.Release|Any CPU.ActiveCfg = Release|Any CPU
		{6DC7A92E-F798-48E7-B2F0-8686B1245BA8}.Release|Any CPU.Build.0 = Release|Any CPU
		{0EFC04AE-D427-49C5-B192-CBA09CDA7092}.Debug|Any CPU.ActiveCfg = Debug|Any CPU
		{0EFC04AE-D427-49C5-B192-CBA09CDA7092}.Debug|Any CPU.Build.0 = Debug|Any CPU
		{0EFC04AE-D427-49C5-B192-CBA09CDA7092}.Release|Any CPU.ActiveCfg = Release|Any CPU
		{0EFC04AE-D427-49C5-B192-CBA09CDA7092}.Release|Any CPU.Build.0 = Release|Any CPU
		{ADDEAD9A-7FC5-49FB-9EAC-687FC5E89930}.Debug|Any CPU.ActiveCfg = Debug|Any CPU
		{ADDEAD9A-7FC5-49FB-9EAC-687FC5E89930}.Debug|Any CPU.Build.0 = Debug|Any CPU
		{ADDEAD9A-7FC5-49FB-9EAC-687FC5E89930}.Release|Any CPU.ActiveCfg = Release|Any CPU
		{ADDEAD9A-7FC5-49FB-9EAC-687FC5E89930}.Release|Any CPU.Build.0 = Release|Any CPU
		{DBD12035-6324-4B1E-B09C-7D7ACA1420E3}.Debug|Any CPU.ActiveCfg = Debug|Any CPU
		{DBD12035-6324-4B1E-B09C-7D7ACA1420E3}.Debug|Any CPU.Build.0 = Debug|Any CPU
		{DBD12035-6324-4B1E-B09C-7D7ACA1420E3}.Release|Any CPU.ActiveCfg = Release|Any CPU
		{DBD12035-6324-4B1E-B09C-7D7ACA1420E3}.Release|Any CPU.Build.0 = Release|Any CPU
		{FEFB2656-76EF-4F26-ABD4-499D2A191879}.Debug|Any CPU.ActiveCfg = Debug|Any CPU
		{FEFB2656-76EF-4F26-ABD4-499D2A191879}.Debug|Any CPU.Build.0 = Debug|Any CPU
		{FEFB2656-76EF-4F26-ABD4-499D2A191879}.Release|Any CPU.ActiveCfg = Release|Any CPU
		{FEFB2656-76EF-4F26-ABD4-499D2A191879}.Release|Any CPU.Build.0 = Release|Any CPU
		{BF34D121-9EF7-477B-AD1C-94B53B37C090}.Debug|Any CPU.ActiveCfg = Debug|Any CPU
		{BF34D121-9EF7-477B-AD1C-94B53B37C090}.Debug|Any CPU.Build.0 = Debug|Any CPU
		{BF34D121-9EF7-477B-AD1C-94B53B37C090}.Release|Any CPU.ActiveCfg = Release|Any CPU
		{BF34D121-9EF7-477B-AD1C-94B53B37C090}.Release|Any CPU.Build.0 = Release|Any CPU
		{C3C8531F-F590-4061-9B82-D624623C6337}.Debug|Any CPU.ActiveCfg = Debug|Any CPU
		{C3C8531F-F590-4061-9B82-D624623C6337}.Debug|Any CPU.Build.0 = Debug|Any CPU
		{C3C8531F-F590-4061-9B82-D624623C6337}.Release|Any CPU.ActiveCfg = Release|Any CPU
		{C3C8531F-F590-4061-9B82-D624623C6337}.Release|Any CPU.Build.0 = Release|Any CPU
		{1926C559-1211-4C8A-A98A-B8136F848669}.Debug|Any CPU.ActiveCfg = Debug|Any CPU
		{1926C559-1211-4C8A-A98A-B8136F848669}.Debug|Any CPU.Build.0 = Debug|Any CPU
		{1926C559-1211-4C8A-A98A-B8136F848669}.Release|Any CPU.ActiveCfg = Release|Any CPU
		{1926C559-1211-4C8A-A98A-B8136F848669}.Release|Any CPU.Build.0 = Release|Any CPU
		{0768DC26-2953-44DD-A9CF-41C60995065E}.Debug|Any CPU.ActiveCfg = Debug|Any CPU
		{0768DC26-2953-44DD-A9CF-41C60995065E}.Debug|Any CPU.Build.0 = Debug|Any CPU
		{0768DC26-2953-44DD-A9CF-41C60995065E}.Release|Any CPU.ActiveCfg = Release|Any CPU
		{0768DC26-2953-44DD-A9CF-41C60995065E}.Release|Any CPU.Build.0 = Release|Any CPU
	EndGlobalSection
	GlobalSection(SolutionProperties) = preSolution
		HideSolutionNode = FALSE
	EndGlobalSection
	GlobalSection(NestedProjects) = preSolution
		{6DC7A92E-F798-48E7-B2F0-8686B1245BA8} = {0D427306-CDE1-493C-95DE-3AE7FCADAEDE}
		{0EFC04AE-D427-49C5-B192-CBA09CDA7092} = {0D427306-CDE1-493C-95DE-3AE7FCADAEDE}
		{ADDEAD9A-7FC5-49FB-9EAC-687FC5E89930} = {0D427306-CDE1-493C-95DE-3AE7FCADAEDE}
		{DBD12035-6324-4B1E-B09C-7D7ACA1420E3} = {91E1AB3D-F152-4A53-ADD6-89F281AB8FAA}
		{FEFB2656-76EF-4F26-ABD4-499D2A191879} = {0D427306-CDE1-493C-95DE-3AE7FCADAEDE}
		{BF34D121-9EF7-477B-AD1C-94B53B37C090} = {0D427306-CDE1-493C-95DE-3AE7FCADAEDE}
		{C3C8531F-F590-4061-9B82-D624623C6337} = {91E1AB3D-F152-4A53-ADD6-89F281AB8FAA}
		{1926C559-1211-4C8A-A98A-B8136F848669} = {0D427306-CDE1-493C-95DE-3AE7FCADAEDE}
		{0768DC26-2953-44DD-A9CF-41C60995065E} = {0D427306-CDE1-493C-95DE-3AE7FCADAEDE}
	EndGlobalSection
	GlobalSection(ExtensibilityGlobals) = postSolution
		SolutionGuid = {A28A6B7D-E5D8-44F9-AFD1-A3E22FF8DCD2}
	EndGlobalSection
EndGlobal
