
Microsoft Visual Studio Solution File, Format Version 12.00
# Visual Studio 15
VisualStudioVersion = 15.0.27428.2005
MinimumVisualStudioVersion = 10.0.40219.1
Project("{2150E333-8FDC-42A3-9474-1A3956D46DE8}") = "Cervus", "Cervus", "{0D427306-CDE1-493C-95DE-3AE7FCADAEDE}"
EndProject
Project("{9A19103F-16F7-4668-BE54-9A1E7A4F7556}") = "Cervus.Web", "Cervus.Web\Cervus.Web.csproj", "{6DC7A92E-F798-48E7-B2F0-8686B1245BA8}"
EndProject
Project("{2150E333-8FDC-42A3-9474-1A3956D46DE8}") = "External", "External", "{91E1AB3D-F152-4A53-ADD6-89F281AB8FAA}"
EndProject
Project("{9A19103F-16F7-4668-BE54-9A1E7A4F7556}") = "Cervus.Context.Wire", "Cervus.Context.Wire\Cervus.Context.Wire.csproj", "{D9E49773-A189-40C1-AB46-A3327BA324B9}"
EndProject
Project("{FAE04EC0-301F-11D3-BF4B-00C04F79EFBC}") = "Cervus.Content.Dummy", "Cervus.Content.Dummy\Cervus.Content.Dummy.csproj", "{0ABD3D17-754C-43F5-9D80-8360D91837A2}"
EndProject
Project("{FAE04EC0-301F-11D3-BF4B-00C04F79EFBC}") = "Cervus.Content.Interfaces", "Cervus.Content.Interfaces\Cervus.Content.Interfaces.csproj", "{36CB7168-8E3A-441C-9366-9B4B4FCA3428}"
EndProject
Project("{FAE04EC0-301F-11D3-BF4B-00C04F79EFBC}") = "Cervus.Context.Interfaces", "Cervus.Context.Interfaces\Cervus.Context.Interfaces.csproj", "{8D9D237F-6148-4FD0-9BB6-7DB751BE9B32}"
EndProject
Project("{FAE04EC0-301F-11D3-BF4B-00C04F79EFBC}") = "IndependentUtils.Assembly", "IndependentUtils.Assembly\IndependentUtils.Assembly.csproj", "{7456898C-2721-49C7-96BF-958797BDD050}"
EndProject
Project("{9A19103F-16F7-4668-BE54-9A1E7A4F7556}") = "InjectableRoutes.AspNetCore", "InjectableRoutes.AspNetCore\InjectableRoutes.AspNetCore.csproj", "{104FB782-83D6-4C20-9F08-5E1CB0098A8F}"
EndProject
Project("{FAE04EC0-301F-11D3-BF4B-00C04F79EFBC}") = "Cervus.Context.AspNetCore", "Cervus.Context.AspNetCore\Cervus.Context.AspNetCore.csproj", "{BB309A83-6DBF-4267-BD3F-B88B62E4C091}"
EndProject
Project("{FAE04EC0-301F-11D3-BF4B-00C04F79EFBC}") = "Cervus.Content.Wire", "Cervus.Content.Wire\Cervus.Content.Wire.csproj", "{8DE7DB57-917E-4A0E-A04C-1F31D363DF82}"
EndProject
Project("{FAE04EC0-301F-11D3-BF4B-00C04F79EFBC}") = "Cervus.Dummy.Tests", "Cervus.Dummy.Tests\Cervus.Dummy.Tests.csproj", "{9AD6E5E1-BC3C-4D4B-997C-AC9CC832B50B}"
EndProject
Project("{2150E333-8FDC-42A3-9474-1A3956D46DE8}") = "Cervus.Tests", "Cervus.Tests", "{D199F41E-9A56-4209-A085-82847DA63609}"
EndProject
Global
	GlobalSection(SolutionConfigurationPlatforms) = preSolution
		Debug|Any CPU = Debug|Any CPU
		Release|Any CPU = Release|Any CPU
	EndGlobalSection
	GlobalSection(ProjectConfigurationPlatforms) = postSolution
		{6DC7A92E-F798-48E7-B2F0-8686B1245BA8}.Debug|Any CPU.ActiveCfg = Debug|Any CPU
		{6DC7A92E-F798-48E7-B2F0-8686B1245BA8}.Debug|Any CPU.Build.0 = Debug|Any CPU
		{6DC7A92E-F798-48E7-B2F0-8686B1245BA8}.Release|Any CPU.ActiveCfg = Release|Any CPU
		{6DC7A92E-F798-48E7-B2F0-8686B1245BA8}.Release|Any CPU.Build.0 = Release|Any CPU
		{D9E49773-A189-40C1-AB46-A3327BA324B9}.Debug|Any CPU.ActiveCfg = Debug|Any CPU
		{D9E49773-A189-40C1-AB46-A3327BA324B9}.Debug|Any CPU.Build.0 = Debug|Any CPU
		{D9E49773-A189-40C1-AB46-A3327BA324B9}.Release|Any CPU.ActiveCfg = Release|Any CPU
		{D9E49773-A189-40C1-AB46-A3327BA324B9}.Release|Any CPU.Build.0 = Release|Any CPU
		{0ABD3D17-754C-43F5-9D80-8360D91837A2}.Debug|Any CPU.ActiveCfg = Debug|Any CPU
		{0ABD3D17-754C-43F5-9D80-8360D91837A2}.Debug|Any CPU.Build.0 = Debug|Any CPU
		{0ABD3D17-754C-43F5-9D80-8360D91837A2}.Release|Any CPU.ActiveCfg = Release|Any CPU
		{0ABD3D17-754C-43F5-9D80-8360D91837A2}.Release|Any CPU.Build.0 = Release|Any CPU
		{36CB7168-8E3A-441C-9366-9B4B4FCA3428}.Debug|Any CPU.ActiveCfg = Debug|Any CPU
		{36CB7168-8E3A-441C-9366-9B4B4FCA3428}.Debug|Any CPU.Build.0 = Debug|Any CPU
		{36CB7168-8E3A-441C-9366-9B4B4FCA3428}.Release|Any CPU.ActiveCfg = Release|Any CPU
		{36CB7168-8E3A-441C-9366-9B4B4FCA3428}.Release|Any CPU.Build.0 = Release|Any CPU
		{8D9D237F-6148-4FD0-9BB6-7DB751BE9B32}.Debug|Any CPU.ActiveCfg = Debug|Any CPU
		{8D9D237F-6148-4FD0-9BB6-7DB751BE9B32}.Debug|Any CPU.Build.0 = Debug|Any CPU
		{8D9D237F-6148-4FD0-9BB6-7DB751BE9B32}.Release|Any CPU.ActiveCfg = Release|Any CPU
		{8D9D237F-6148-4FD0-9BB6-7DB751BE9B32}.Release|Any CPU.Build.0 = Release|Any CPU
		{7456898C-2721-49C7-96BF-958797BDD050}.Debug|Any CPU.ActiveCfg = Debug|Any CPU
		{7456898C-2721-49C7-96BF-958797BDD050}.Debug|Any CPU.Build.0 = Debug|Any CPU
		{7456898C-2721-49C7-96BF-958797BDD050}.Release|Any CPU.ActiveCfg = Release|Any CPU
		{7456898C-2721-49C7-96BF-958797BDD050}.Release|Any CPU.Build.0 = Release|Any CPU
		{104FB782-83D6-4C20-9F08-5E1CB0098A8F}.Debug|Any CPU.ActiveCfg = Debug|Any CPU
		{104FB782-83D6-4C20-9F08-5E1CB0098A8F}.Debug|Any CPU.Build.0 = Debug|Any CPU
		{104FB782-83D6-4C20-9F08-5E1CB0098A8F}.Release|Any CPU.ActiveCfg = Release|Any CPU
		{104FB782-83D6-4C20-9F08-5E1CB0098A8F}.Release|Any CPU.Build.0 = Release|Any CPU
		{BB309A83-6DBF-4267-BD3F-B88B62E4C091}.Debug|Any CPU.ActiveCfg = Debug|Any CPU
		{BB309A83-6DBF-4267-BD3F-B88B62E4C091}.Debug|Any CPU.Build.0 = Debug|Any CPU
		{BB309A83-6DBF-4267-BD3F-B88B62E4C091}.Release|Any CPU.ActiveCfg = Release|Any CPU
		{BB309A83-6DBF-4267-BD3F-B88B62E4C091}.Release|Any CPU.Build.0 = Release|Any CPU
		{8DE7DB57-917E-4A0E-A04C-1F31D363DF82}.Debug|Any CPU.ActiveCfg = Debug|Any CPU
		{8DE7DB57-917E-4A0E-A04C-1F31D363DF82}.Debug|Any CPU.Build.0 = Debug|Any CPU
		{8DE7DB57-917E-4A0E-A04C-1F31D363DF82}.Release|Any CPU.ActiveCfg = Release|Any CPU
		{8DE7DB57-917E-4A0E-A04C-1F31D363DF82}.Release|Any CPU.Build.0 = Release|Any CPU
		{9AD6E5E1-BC3C-4D4B-997C-AC9CC832B50B}.Debug|Any CPU.ActiveCfg = Debug|Any CPU
		{9AD6E5E1-BC3C-4D4B-997C-AC9CC832B50B}.Debug|Any CPU.Build.0 = Debug|Any CPU
		{9AD6E5E1-BC3C-4D4B-997C-AC9CC832B50B}.Release|Any CPU.ActiveCfg = Release|Any CPU
		{9AD6E5E1-BC3C-4D4B-997C-AC9CC832B50B}.Release|Any CPU.Build.0 = Release|Any CPU
	EndGlobalSection
	GlobalSection(SolutionProperties) = preSolution
		HideSolutionNode = FALSE
	EndGlobalSection
	GlobalSection(NestedProjects) = preSolution
		{6DC7A92E-F798-48E7-B2F0-8686B1245BA8} = {0D427306-CDE1-493C-95DE-3AE7FCADAEDE}
		{D9E49773-A189-40C1-AB46-A3327BA324B9} = {0D427306-CDE1-493C-95DE-3AE7FCADAEDE}
		{0ABD3D17-754C-43F5-9D80-8360D91837A2} = {0D427306-CDE1-493C-95DE-3AE7FCADAEDE}
		{36CB7168-8E3A-441C-9366-9B4B4FCA3428} = {0D427306-CDE1-493C-95DE-3AE7FCADAEDE}
		{8D9D237F-6148-4FD0-9BB6-7DB751BE9B32} = {0D427306-CDE1-493C-95DE-3AE7FCADAEDE}
		{7456898C-2721-49C7-96BF-958797BDD050} = {91E1AB3D-F152-4A53-ADD6-89F281AB8FAA}
		{104FB782-83D6-4C20-9F08-5E1CB0098A8F} = {91E1AB3D-F152-4A53-ADD6-89F281AB8FAA}
		{BB309A83-6DBF-4267-BD3F-B88B62E4C091} = {0D427306-CDE1-493C-95DE-3AE7FCADAEDE}
		{8DE7DB57-917E-4A0E-A04C-1F31D363DF82} = {0D427306-CDE1-493C-95DE-3AE7FCADAEDE}
		{9AD6E5E1-BC3C-4D4B-997C-AC9CC832B50B} = {D199F41E-9A56-4209-A085-82847DA63609}
	EndGlobalSection
	GlobalSection(ExtensibilityGlobals) = postSolution
		SolutionGuid = {A28A6B7D-E5D8-44F9-AFD1-A3E22FF8DCD2}
	EndGlobalSection
EndGlobal
